
Microsoft Visual Studio Solution File, Format Version 12.00
# Visual Studio 15
VisualStudioVersion = 15.0.27703.2035
MinimumVisualStudioVersion = 10.0.40219.1
Project("{FAE04EC0-301F-11D3-BF4B-00C04F79EFBC}") = "CSharpInheritanceDemoConsoleApp", "CSharpInheritanceDemoConsoleApp\CSharpInheritanceDemoConsoleApp.csproj", "{494A7CD4-3102-469F-ADAB-2040D6640F77}"
EndProject
Global
	GlobalSection(SolutionConfigurationPlatforms) = preSolution
		Debug|Any CPU = Debug|Any CPU
		Release|Any CPU = Release|Any CPU
	EndGlobalSection
	GlobalSection(ProjectConfigurationPlatforms) = postSolution
		{494A7CD4-3102-469F-ADAB-2040D6640F77}.Debug|Any CPU.ActiveCfg = Debug|Any CPU
		{494A7CD4-3102-469F-ADAB-2040D6640F77}.Debug|Any CPU.Build.0 = Debug|Any CPU
		{494A7CD4-3102-469F-ADAB-2040D6640F77}.Release|Any CPU.ActiveCfg = Release|Any CPU
		{494A7CD4-3102-469F-ADAB-2040D6640F77}.Release|Any CPU.Build.0 = Release|Any CPU
	EndGlobalSection
	GlobalSection(SolutionProperties) = preSolution
		HideSolutionNode = FALSE
	EndGlobalSection
	GlobalSection(ExtensibilityGlobals) = postSolution
		SolutionGuid = {B361D16A-6BD6-4084-981E-48265E622ECD}
	EndGlobalSection
EndGlobal
